
Microsoft Visual Studio Solution File, Format Version 12.00
# Visual Studio 2013
VisualStudioVersion = 12.0.31101.0
MinimumVisualStudioVersion = 10.0.40219.1
Project("{F2A71F9B-5D33-465A-A702-920D77279786}") = "FSharpWebApi", "FSharpWebApi\FSharpWebApi.fsproj", "{D764F018-7C67-4DD2-BB5E-208C1178DA04}"
EndProject
Project("{2150E333-8FDC-42A3-9474-1A3956D46DE8}") = ".nuget", ".nuget", "{B21C3C3B-990F-4684-B970-C952FD77DAE9}"
	ProjectSection(SolutionItems) = preProject
		.nuget\packages.config = .nuget\packages.config
	EndProjectSection
EndProject
Project("{F2A71F9B-5D33-465A-A702-920D77279786}") = "FSharpWebApiOwin", "FSharpWebApiOwin\FSharpWebApiOwin.fsproj", "{DFBE9C26-E97C-4E4E-B1DC-4B7038C077A5}"
EndProject
Global
	GlobalSection(SolutionConfigurationPlatforms) = preSolution
		Debug|Any CPU = Debug|Any CPU
		Release|Any CPU = Release|Any CPU
	EndGlobalSection
	GlobalSection(ProjectConfigurationPlatforms) = postSolution
		{D764F018-7C67-4DD2-BB5E-208C1178DA04}.Debug|Any CPU.ActiveCfg = Debug|Any CPU
		{D764F018-7C67-4DD2-BB5E-208C1178DA04}.Debug|Any CPU.Build.0 = Debug|Any CPU
		{D764F018-7C67-4DD2-BB5E-208C1178DA04}.Release|Any CPU.ActiveCfg = Release|Any CPU
		{D764F018-7C67-4DD2-BB5E-208C1178DA04}.Release|Any CPU.Build.0 = Release|Any CPU
		{DFBE9C26-E97C-4E4E-B1DC-4B7038C077A5}.Debug|Any CPU.ActiveCfg = Debug|Any CPU
		{DFBE9C26-E97C-4E4E-B1DC-4B7038C077A5}.Debug|Any CPU.Build.0 = Debug|Any CPU
		{DFBE9C26-E97C-4E4E-B1DC-4B7038C077A5}.Release|Any CPU.ActiveCfg = Release|Any CPU
		{DFBE9C26-E97C-4E4E-B1DC-4B7038C077A5}.Release|Any CPU.Build.0 = Release|Any CPU
	EndGlobalSection
	GlobalSection(SolutionProperties) = preSolution
		HideSolutionNode = FALSE
	EndGlobalSection
EndGlobal
